Microsoft Visual Studio Solution File, Format Version 12.00
# Visual Studio Version 17
VisualStudioVersion = 17.5.2.0
MinimumVisualStudioVersion = 10.0.40219.1
Project("{FAE04EC0-301F-11D3-BF4B-00C04F79EFBC}") = "BackupClientTest", "BackupClientTest.csproj", "{B2C7D6F1-48AA-76BF-14AD-270C07E24B4F}"
EndProject
Global
	GlobalSection(SolutionConfigurationPlatforms) = preSolution
		Debug|Any CPU = Debug|Any CPU
		Release|Any CPU = Release|Any CPU
	EndGlobalSection
	GlobalSection(ProjectConfigurationPlatforms) = postSolution
		{B2C7D6F1-48AA-76BF-14AD-270C07E24B4F}.Debug|Any CPU.ActiveCfg = Debug|Any CPU
		{B2C7D6F1-48AA-76BF-14AD-270C07E24B4F}.Debug|Any CPU.Build.0 = Debug|Any CPU
		{B2C7D6F1-48AA-76BF-14AD-270C07E24B4F}.Release|Any CPU.ActiveCfg = Release|Any CPU
		{B2C7D6F1-48AA-76BF-14AD-270C07E24B4F}.Release|Any CPU.Build.0 = Release|Any CPU
	EndGlobalSection
	GlobalSection(SolutionProperties) = preSolution
		HideSolutionNode = FALSE
	EndGlobalSection
	GlobalSection(ExtensibilityGlobals) = postSolution
		SolutionGuid = {AF2102A8-4484-4F67-9AE4-8701FD7A31A2}
	EndGlobalSection
EndGlobal
